
Microsoft Visual Studio Solution File, Format Version 12.00
# Visual Studio 15
VisualStudioVersion = 15.0.28010.2046
MinimumVisualStudioVersion = 10.0.40219.1
Project("{FAE04EC0-301F-11D3-BF4B-00C04F79EFBC}") = "Coffee_House", "Coffee_House\Coffee_House.csproj", "{EE8889BB-2A4B-43F7-9148-258568BD4206}"
EndProject
Project("{FAE04EC0-301F-11D3-BF4B-00C04F79EFBC}") = "CoffeeHouseLibrary", "CoffeeHouseLibrary\CoffeeHouseLibrary.csproj", "{B35C403D-4FA9-4CA1-9438-BA2C0F5AA526}"
EndProject
Global
	GlobalSection(SolutionConfigurationPlatforms) = preSolution
		Debug|Any CPU = Debug|Any CPU
		Release|Any CPU = Release|Any CPU
	EndGlobalSection
	GlobalSection(ProjectConfigurationPlatforms) = postSolution
		{EE8889BB-2A4B-43F7-9148-258568BD4206}.Debug|Any CPU.ActiveCfg = Debug|Any CPU
		{EE8889BB-2A4B-43F7-9148-258568BD4206}.Debug|Any CPU.Build.0 = Debug|Any CPU
		{EE8889BB-2A4B-43F7-9148-258568BD4206}.Release|Any CPU.ActiveCfg = Release|Any CPU
		{EE8889BB-2A4B-43F7-9148-258568BD4206}.Release|Any CPU.Build.0 = Release|Any CPU
		{B35C403D-4FA9-4CA1-9438-BA2C0F5AA526}.Debug|Any CPU.ActiveCfg = Debug|Any CPU
		{B35C403D-4FA9-4CA1-9438-BA2C0F5AA526}.Debug|Any CPU.Build.0 = Debug|Any CPU
		{B35C403D-4FA9-4CA1-9438-BA2C0F5AA526}.Release|Any CPU.ActiveCfg = Release|Any CPU
		{B35C403D-4FA9-4CA1-9438-BA2C0F5AA526}.Release|Any CPU.Build.0 = Release|Any CPU
	EndGlobalSection
	GlobalSection(SolutionProperties) = preSolution
		HideSolutionNode = FALSE
	EndGlobalSection
	GlobalSection(ExtensibilityGlobals) = postSolution
		SolutionGuid = {A967A1B0-0586-475D-9E07-01DEE4B042E3}
	EndGlobalSection
EndGlobal
